
Microsoft Visual Studio Solution File, Format Version 12.00
# Visual Studio Version 16
VisualStudioVersion = 16.0.31702.278
MinimumVisualStudioVersion = 10.0.40219.1
Project("{FAE04EC0-301F-11D3-BF4B-00C04F79EFBC}") = "MvcBasics", "MvcBasics\MvcBasics.csproj", "{58845FD0-AA89-45CF-94E7-3277215079A4}"
EndProject
Global
	GlobalSection(SolutionConfigurationPlatforms) = preSolution
		Debug|Any CPU = Debug|Any CPU
		Release|Any CPU = Release|Any CPU
	EndGlobalSection
	GlobalSection(ProjectConfigurationPlatforms) = postSolution
		{58845FD0-AA89-45CF-94E7-3277215079A4}.Debug|Any CPU.ActiveCfg = Debug|Any CPU
		{58845FD0-AA89-45CF-94E7-3277215079A4}.Debug|Any CPU.Build.0 = Debug|Any CPU
		{58845FD0-AA89-45CF-94E7-3277215079A4}.Release|Any CPU.ActiveCfg = Release|Any CPU
		{58845FD0-AA89-45CF-94E7-3277215079A4}.Release|Any CPU.Build.0 = Release|Any CPU
	EndGlobalSection
	GlobalSection(SolutionProperties) = preSolution
		HideSolutionNode = FALSE
	EndGlobalSection
	GlobalSection(ExtensibilityGlobals) = postSolution
		SolutionGuid = {589C5B61-E358-47BE-AC93-667E85384D0C}
	EndGlobalSection
EndGlobal
